
Microsoft Visual Studio Solution File, Format Version 12.00
# Visual Studio Version 16
VisualStudioVersion = 16.0.29403.142
MinimumVisualStudioVersion = 10.0.40219.1
Project("{FAE04EC0-301F-11D3-BF4B-00C04F79EFBC}") = "wyjątki3", "wyjątki3\wyjątki3.csproj", "{72284712-913C-4D38-8988-F4E01722805F}"
EndProject
Global
	GlobalSection(SolutionConfigurationPlatforms) = preSolution
		Debug|Any CPU = Debug|Any CPU
		Release|Any CPU = Release|Any CPU
	EndGlobalSection
	GlobalSection(ProjectConfigurationPlatforms) = postSolution
		{72284712-913C-4D38-8988-F4E01722805F}.Debug|Any CPU.ActiveCfg = Debug|Any CPU
		{72284712-913C-4D38-8988-F4E01722805F}.Debug|Any CPU.Build.0 = Debug|Any CPU
		{72284712-913C-4D38-8988-F4E01722805F}.Release|Any CPU.ActiveCfg = Release|Any CPU
		{72284712-913C-4D38-8988-F4E01722805F}.Release|Any CPU.Build.0 = Release|Any CPU
	EndGlobalSection
	GlobalSection(SolutionProperties) = preSolution
		HideSolutionNode = FALSE
	EndGlobalSection
	GlobalSection(ExtensibilityGlobals) = postSolution
		SolutionGuid = {7846483B-7187-45F3-A686-13FA6EF9B56C}
	EndGlobalSection
EndGlobal
