
Microsoft Visual Studio Solution File, Format Version 12.00
# Visual Studio Version 16
VisualStudioVersion = 16.0.29403.142
MinimumVisualStudioVersion = 10.0.40219.1
Project("{FAE04EC0-301F-11D3-BF4B-00C04F79EFBC}") = "ClassLibrary1", "ClassLibrary1\ClassLibrary1.csproj", "{D4BE9A2D-889C-4553-AAF2-8C5674B1CF41}"
EndProject
Global
	GlobalSection(SolutionConfigurationPlatforms) = preSolution
		Debug|Any CPU = Debug|Any CPU
		Release|Any CPU = Release|Any CPU
	EndGlobalSection
	GlobalSection(ProjectConfigurationPlatforms) = postSolution
		{D4BE9A2D-889C-4553-AAF2-8C5674B1CF41}.Debug|Any CPU.ActiveCfg = Debug|Any CPU
		{D4BE9A2D-889C-4553-AAF2-8C5674B1CF41}.Debug|Any CPU.Build.0 = Debug|Any CPU
		{D4BE9A2D-889C-4553-AAF2-8C5674B1CF41}.Release|Any CPU.ActiveCfg = Release|Any CPU
		{D4BE9A2D-889C-4553-AAF2-8C5674B1CF41}.Release|Any CPU.Build.0 = Release|Any CPU
	EndGlobalSection
	GlobalSection(SolutionProperties) = preSolution
		HideSolutionNode = FALSE
	EndGlobalSection
	GlobalSection(ExtensibilityGlobals) = postSolution
		SolutionGuid = {7081C86F-822D-4D0A-9802-8F3486E2913E}
	EndGlobalSection
EndGlobal
