
Microsoft Visual Studio Solution File, Format Version 12.00
# Visual Studio Version 16
VisualStudioVersion = 16.0.29403.142
MinimumVisualStudioVersion = 10.0.40219.1
Project("{FAE04EC0-301F-11D3-BF4B-00C04F79EFBC}") = "pentle", "pentle\pentle.csproj", "{812756F9-017D-45D0-B370-D27C73A789A6}"
EndProject
Global
	GlobalSection(SolutionConfigurationPlatforms) = preSolution
		Debug|Any CPU = Debug|Any CPU
		Release|Any CPU = Release|Any CPU
	EndGlobalSection
	GlobalSection(ProjectConfigurationPlatforms) = postSolution
		{812756F9-017D-45D0-B370-D27C73A789A6}.Debug|Any CPU.ActiveCfg = Debug|Any CPU
		{812756F9-017D-45D0-B370-D27C73A789A6}.Debug|Any CPU.Build.0 = Debug|Any CPU
		{812756F9-017D-45D0-B370-D27C73A789A6}.Release|Any CPU.ActiveCfg = Release|Any CPU
		{812756F9-017D-45D0-B370-D27C73A789A6}.Release|Any CPU.Build.0 = Release|Any CPU
	EndGlobalSection
	GlobalSection(SolutionProperties) = preSolution
		HideSolutionNode = FALSE
	EndGlobalSection
	GlobalSection(ExtensibilityGlobals) = postSolution
		SolutionGuid = {54C4B133-5718-489A-87EB-33B4F86E6CA5}
	EndGlobalSection
EndGlobal
