
Microsoft Visual Studio Solution File, Format Version 12.00
# Visual Studio Version 16
VisualStudioVersion = 16.0.29403.142
MinimumVisualStudioVersion = 10.0.40219.1
Project("{FAE04EC0-301F-11D3-BF4B-00C04F79EFBC}") = "wyjątki", "wyjątki\wyjątki.csproj", "{D9E6F7FF-F3E9-426D-9B9E-C4942E2255B3}"
EndProject
Global
	GlobalSection(SolutionConfigurationPlatforms) = preSolution
		Debug|Any CPU = Debug|Any CPU
		Release|Any CPU = Release|Any CPU
	EndGlobalSection
	GlobalSection(ProjectConfigurationPlatforms) = postSolution
		{D9E6F7FF-F3E9-426D-9B9E-C4942E2255B3}.Debug|Any CPU.ActiveCfg = Debug|Any CPU
		{D9E6F7FF-F3E9-426D-9B9E-C4942E2255B3}.Debug|Any CPU.Build.0 = Debug|Any CPU
		{D9E6F7FF-F3E9-426D-9B9E-C4942E2255B3}.Release|Any CPU.ActiveCfg = Release|Any CPU
		{D9E6F7FF-F3E9-426D-9B9E-C4942E2255B3}.Release|Any CPU.Build.0 = Release|Any CPU
	EndGlobalSection
	GlobalSection(SolutionProperties) = preSolution
		HideSolutionNode = FALSE
	EndGlobalSection
	GlobalSection(ExtensibilityGlobals) = postSolution
		SolutionGuid = {1E8688A1-6121-4567-8F33-33EAA0F24074}
	EndGlobalSection
EndGlobal
