
Microsoft Visual Studio Solution File, Format Version 12.00
# Visual Studio Version 16
VisualStudioVersion = 16.0.29403.142
MinimumVisualStudioVersion = 10.0.40219.1
Project("{FAE04EC0-301F-11D3-BF4B-00C04F79EFBC}") = "wskazniki4", "wskazniki4\wskazniki4.csproj", "{2FEE4836-1A90-420F-9223-16692E7126C2}"
EndProject
Global
	GlobalSection(SolutionConfigurationPlatforms) = preSolution
		Debug|Any CPU = Debug|Any CPU
		Release|Any CPU = Release|Any CPU
	EndGlobalSection
	GlobalSection(ProjectConfigurationPlatforms) = postSolution
		{2FEE4836-1A90-420F-9223-16692E7126C2}.Debug|Any CPU.ActiveCfg = Debug|Any CPU
		{2FEE4836-1A90-420F-9223-16692E7126C2}.Debug|Any CPU.Build.0 = Debug|Any CPU
		{2FEE4836-1A90-420F-9223-16692E7126C2}.Release|Any CPU.ActiveCfg = Release|Any CPU
		{2FEE4836-1A90-420F-9223-16692E7126C2}.Release|Any CPU.Build.0 = Release|Any CPU
	EndGlobalSection
	GlobalSection(SolutionProperties) = preSolution
		HideSolutionNode = FALSE
	EndGlobalSection
	GlobalSection(ExtensibilityGlobals) = postSolution
		SolutionGuid = {A02C2A74-90FD-4761-8D2E-886F1E6809A1}
	EndGlobalSection
EndGlobal
