
Microsoft Visual Studio Solution File, Format Version 12.00
# Visual Studio Version 16
VisualStudioVersion = 16.0.29403.142
MinimumVisualStudioVersion = 10.0.40219.1
Project("{FAE04EC0-301F-11D3-BF4B-00C04F79EFBC}") = "struktury", "struktury\struktury.csproj", "{5F9EB171-6887-4A94-9BC6-FA9123A60FF2}"
EndProject
Global
	GlobalSection(SolutionConfigurationPlatforms) = preSolution
		Debug|Any CPU = Debug|Any CPU
		Release|Any CPU = Release|Any CPU
	EndGlobalSection
	GlobalSection(ProjectConfigurationPlatforms) = postSolution
		{5F9EB171-6887-4A94-9BC6-FA9123A60FF2}.Debug|Any CPU.ActiveCfg = Debug|Any CPU
		{5F9EB171-6887-4A94-9BC6-FA9123A60FF2}.Debug|Any CPU.Build.0 = Debug|Any CPU
		{5F9EB171-6887-4A94-9BC6-FA9123A60FF2}.Release|Any CPU.ActiveCfg = Release|Any CPU
		{5F9EB171-6887-4A94-9BC6-FA9123A60FF2}.Release|Any CPU.Build.0 = Release|Any CPU
	EndGlobalSection
	GlobalSection(SolutionProperties) = preSolution
		HideSolutionNode = FALSE
	EndGlobalSection
	GlobalSection(ExtensibilityGlobals) = postSolution
		SolutionGuid = {BF4A90BC-9903-4BE6-89E7-5D1692F56E33}
	EndGlobalSection
EndGlobal
