
Microsoft Visual Studio Solution File, Format Version 12.00
# Visual Studio Version 16
VisualStudioVersion = 16.0.29403.142
MinimumVisualStudioVersion = 10.0.40219.1
Project("{FAE04EC0-301F-11D3-BF4B-00C04F79EFBC}") = "wskazniki2", "wskazniki2\wskazniki2.csproj", "{80799957-6564-475E-B230-EAA3D2EB382F}"
EndProject
Global
	GlobalSection(SolutionConfigurationPlatforms) = preSolution
		Debug|Any CPU = Debug|Any CPU
		Release|Any CPU = Release|Any CPU
	EndGlobalSection
	GlobalSection(ProjectConfigurationPlatforms) = postSolution
		{80799957-6564-475E-B230-EAA3D2EB382F}.Debug|Any CPU.ActiveCfg = Debug|Any CPU
		{80799957-6564-475E-B230-EAA3D2EB382F}.Debug|Any CPU.Build.0 = Debug|Any CPU
		{80799957-6564-475E-B230-EAA3D2EB382F}.Release|Any CPU.ActiveCfg = Release|Any CPU
		{80799957-6564-475E-B230-EAA3D2EB382F}.Release|Any CPU.Build.0 = Release|Any CPU
	EndGlobalSection
	GlobalSection(SolutionProperties) = preSolution
		HideSolutionNode = FALSE
	EndGlobalSection
	GlobalSection(ExtensibilityGlobals) = postSolution
		SolutionGuid = {35A870F4-9AC5-432D-9F73-3965D4A1E241}
	EndGlobalSection
EndGlobal
